// !$*UTF8*$!
{
	archiveVersion = 1;
	classes = {
	};
	objectVersion = 46;
	objects = {

/* Begin PBXBuildFile section */
		D83D26B91E03920000B4A533 /* AppDelegate.swift in Sources */ = {isa = PBXBuildFile; fileRef = D83D26B81E03920000B4A533 /* AppDelegate.swift */; };
		D83D26BB1E03920000B4A533 /* ViewController.swift in Sources */ = {isa = PBXBuildFile; fileRef = D83D26BA1E03920000B4A533 /* ViewController.swift */; };
		D83D26BE1E03920000B4A533 /* Main.storyboard in Resources */ = {isa = PBXBuildFile; fileRef = D83D26BC1E03920000B4A533 /* Main.storyboard */; };
		D83D26C01E03920000B4A533 /* Assets.xcassets in Resources */ = {isa = PBXBuildFile; fileRef = D83D26BF1E03920000B4A533 /* Assets.xcassets */; };
		D83D26C31E03920000B4A533 /* LaunchScreen.storyboard in Resources */ = {isa = PBXBuildFile; fileRef = D83D26C11E03920000B4A533 /* LaunchScreen.storyboard */; };
		D83D26CE1E03920000B4A533 /* Tips_CalculatiorTests.swift in Sources */ = {isa = PBXBuildFile; fileRef = D83D26CD1E03920000B4A533 /* Tips_CalculatiorTests.swift */; };
		D83D26D91E03920000B4A533 /* Tips_CalculatiorUITests.swift in Sources */ = {isa = PBXBuildFile; fileRef = D83D26D81E03920000B4A533 /* Tips_CalculatiorUITests.swift */; };
		D83D26E71E03A16100B4A533 /* SettingsViewController.swift in Sources */ = {isa = PBXBuildFile; fileRef = D83D26E61E03A16100B4A533 /* SettingsViewController.swift */; };
/* End PBXBuildFile section */

/* Begin PBXContainerItemProxy section */
		D83D26CA1E03920000B4A533 /* PBXContainerItemProxy */ = {
			isa = PBXContainerItemProxy;
			containerPortal = D83D26AD1E0391FF00B4A533 /* Project object */;
			proxyType = 1;
			remoteGlobalIDString = D83D26B41E0391FF00B4A533;
			remoteInfo = "Tips Calculatior";
		};
		D83D26D51E03920000B4A533 /* PBXContainerItemProxy */ = {
			isa = PBXContainerItemProxy;
			containerPortal = D83D26AD1E0391FF00B4A533 /* Project object */;
			proxyType = 1;
			remoteGlobalIDString = D83D26B41E0391FF00B4A533;
			remoteInfo = "Tips Calculatior";
		};
/* End PBXContainerItemProxy section */

/* Begin PBXFileReference section */
		D83D26B51E03920000B4A533 /* Tips Calculatior.app */ = {isa = PBXFileReference; explicitFileType = wrapper.application; includeInIndex = 0; path = "Tips Calculatior.app"; sourceTree = BUILT_PRODUCTS_DIR; };
		D83D26B81E03920000B4A533 /* AppDelegate.swift */ = {isa = PBXFileReference; lastKnownFileType = sourcecode.swift; path = AppDelegate.swift; sourceTree = "<group>"; };
		D83D26BA1E03920000B4A533 /* ViewController.swift */ = {isa = PBXFileReference; lastKnownFileType = sourcecode.swift; path = ViewController.swift; sourceTree = "<group>"; };
		D83D26BD1E03920000B4A533 /* Base */ = {isa = PBXFileReference; lastKnownFileType = file.storyboard; name = Base; path = Base.lproj/Main.storyboard; sourceTree = "<group>"; };
		D83D26BF1E03920000B4A533 /* Assets.xcassets */ = {isa = PBXFileReference; lastKnownFileType = folder.assetcatalog; path = Assets.xcassets; sourceTree = "<group>"; };
		D83D26C21E03920000B4A533 /* Base */ = {isa = PBXFileReference; lastKnownFileType = file.storyboard; name = Base; path = Base.lproj/LaunchScreen.storyboard; sourceTree = "<group>"; };
		D83D26C41E03920000B4A533 /* Info.plist */ = {isa = PBXFileReference; lastKnownFileType = text.plist.xml; path = Info.plist; sourceTree = "<group>"; };
		D83D26C91E03920000B4A533 /* Tips CalculatiorTests.xctest */ = {isa = PBXFileReference; explicitFileType = wrapper.cfbundle; includeInIndex = 0; path = "Tips CalculatiorTests.xctest"; sourceTree = BUILT_PRODUCTS_DIR; };
		D83D26CD1E03920000B4A533 /* Tips_CalculatiorTests.swift */ = {isa = PBXFileReference; lastKnownFileType = sourcecode.swift; path = Tips_CalculatiorTests.swift; sourceTree = "<group>"; };
		D83D26CF1E03920000B4A533 /* Info.plist */ = {isa = PBXFileReference; lastKnownFileType = text.plist.xml; path = Info.plist; sourceTree = "<group>"; };
		D83D26D41E03920000B4A533 /* Tips CalculatiorUITests.xctest */ = {isa = PBXFileReference; explicitFileType = wrapper.cfbundle; includeInIndex = 0; path = "Tips CalculatiorUITests.xctest"; sourceTree = BUILT_PRODUCTS_DIR; };
		D83D26D81E03920000B4A533 /* Tips_CalculatiorUITests.swift */ = {isa = PBXFileReference; lastKnownFileType = sourcecode.swift; path = Tips_CalculatiorUITests.swift; sourceTree = "<group>"; };
		D83D26DA1E03920000B4A533 /* Info.plist */ = {isa = PBXFileReference; lastKnownFileType = text.plist.xml; path = Info.plist; sourceTree = "<group>"; };
		D83D26E61E03A16100B4A533 /* SettingsViewController.swift */ = {isa = PBXFileReference; fileEncoding = 4; lastKnownFileType = sourcecode.swift; path = SettingsViewController.swift; sourceTree = "<group>"; };
/* End PBXFileReference section */

/* Begin PBXFrameworksBuildPhase section */
		D83D26B21E0391FF00B4A533 /* Frameworks */ = {
			isa = PBXFrameworksBuildPhase;
			buildActionMask = 2147483647;
			files = (
			);
			runOnlyForDeploymentPostprocessing = 0;
		};
		D83D26C61E03920000B4A533 /* Frameworks */ = {
			isa = PBXFrameworksBuildPhase;
			buildActionMask = 2147483647;
			files = (
			);
			runOnlyForDeploymentPostprocessing = 0;
		};
		D83D26D11E03920000B4A533 /* Frameworks */ = {
			isa = PBXFrameworksBuildPhase;
			buildActionMask = 2147483647;
			files = (
			);
			runOnlyForDeploymentPostprocessing = 0;
		};
/* End PBXFrameworksBuildPhase section */

/* Begin PBXGroup section */
		D83D26AC1E0391FF00B4A533 = {
			isa = PBXGroup;
			children = (
				D83D26B71E03920000B4A533 /* Tips Calculatior */,
				D83D26CC1E03920000B4A533 /* Tips CalculatiorTests */,
				D83D26D71E03920000B4A533 /* Tips CalculatiorUITests */,
				D83D26B61E03920000B4A533 /* Products */,
			);
			sourceTree = "<group>";
		};
		D83D26B61E03920000B4A533 /* Products */ = {
			isa = PBXGroup;
			children = (
				D83D26B51E03920000B4A533 /* Tips Calculatior.app */,
				D83D26C91E03920000B4A533 /* Tips CalculatiorTests.xctest */,
				D83D26D41E03920000B4A533 /* Tips CalculatiorUITests.xctest */,
			);
			name = Products;
			sourceTree = "<group>";
		};
		D83D26B71E03920000B4A533 /* Tips Calculatior */ = {
			isa = PBXGroup;
			children = (
				D83D26B81E03920000B4A533 /* AppDelegate.swift */,
				D83D26BA1E03920000B4A533 /* ViewController.swift */,
				D83D26BC1E03920000B4A533 /* Main.storyboard */,
				D83D26E61E03A16100B4A533 /* SettingsViewController.swift */,
				D83D26BF1E03920000B4A533 /* Assets.xcassets */,
				D83D26C11E03920000B4A533 /* LaunchScreen.storyboard */,
				D83D26C41E03920000B4A533 /* Info.plist */,
			);
			path = "Tips Calculatior";
			sourceTree = "<group>";
		};
		D83D26CC1E03920000B4A533 /* Tips CalculatiorTests */ = {
			isa = PBXGroup;
			children = (
				D83D26CD1E03920000B4A533 /* Tips_CalculatiorTests.swift */,
				D83D26CF1E03920000B4A533 /* Info.plist */,
			);
			path = "Tips CalculatiorTests";
			sourceTree = "<group>";
		};
		D83D26D71E03920000B4A533 /* Tips CalculatiorUITests */ = {
			isa = PBXGroup;
			children = (
				D83D26D81E03920000B4A533 /* Tips_CalculatiorUITests.swift */,
				D83D26DA1E03920000B4A533 /* Info.plist */,
			);
			path = "Tips CalculatiorUITests";
			sourceTree = "<group>";
		};
/* End PBXGroup section */

/* Begin PBXNativeTarget section */
		D83D26B41E0391FF00B4A533 /* Tips Calculatior */ = {
			isa = PBXNativeTarget;
			buildConfigurationList = D83D26DD1E03920000B4A533 /* Build configuration list for PBXNativeTarget "Tips Calculatior" */;
			buildPhases = (
				D83D26B11E0391FF00B4A533 /* Sources */,
				D83D26B21E0391FF00B4A533 /* Frameworks */,
				D83D26B31E0391FF00B4A533 /* Resources */,
			);
			buildRules = (
			);
			dependencies = (
			);
			name = "Tips Calculatior";
			productName = "Tips Calculatior";
			productReference = D83D26B51E03920000B4A533 /* Tips Calculatior.app */;
			productType = "com.apple.product-type.application";
		};
		D83D26C81E03920000B4A533 /* Tips CalculatiorTests */ = {
			isa = PBXNativeTarget;
			buildConfigurationList = D83D26E01E03920000B4A533 /* Build configuration list for PBXNativeTarget "Tips CalculatiorTests" */;
			buildPhases = (
				D83D26C51E03920000B4A533 /* Sources */,
				D83D26C61E03920000B4A533 /* Frameworks */,
				D83D26C71E03920000B4A533 /* Resources */,
			);
			buildRules = (
			);
			dependencies = (
				D83D26CB1E03920000B4A533 /* PBXTargetDependency */,
			);
			name = "Tips CalculatiorTests";
			productName = "Tips CalculatiorTests";
			productReference = D83D26C91E03920000B4A533 /* Tips CalculatiorTests.xctest */;
			productType = "com.apple.product-type.bundle.unit-test";
		};
		D83D26D31E03920000B4A533 /* Tips CalculatiorUITests */ = {
			isa = PBXNativeTarget;
			buildConfigurationList = D83D26E31E03920000B4A533 /* Build configuration list for PBXNativeTarget "Tips CalculatiorUITests" */;
			buildPhases = (
				D83D26D01E03920000B4A533 /* Sources */,
				D83D26D11E03920000B4A533 /* Frameworks */,
				D83D26D21E03920000B4A533 /* Resources */,
			);
			buildRules = (
			);
			dependencies = (
				D83D26D61E03920000B4A533 /* PBXTargetDependency */,
			);
			name = "Tips CalculatiorUITests";
			productName = "Tips CalculatiorUITests";
			productReference = D83D26D41E03920000B4A533 /* Tips CalculatiorUITests.xctest */;
			productType = "com.apple.product-type.bundle.ui-testing";
		};
/* End PBXNativeTarget section */

/* Begin PBXProject section */
		D83D26AD1E0391FF00B4A533 /* Project object */ = {
			isa = PBXProject;
			attributes = {
				LastSwiftUpdateCheck = 0820;
				LastUpgradeCheck = 0820;
				ORGANIZATIONNAME = "vinh tran";
				TargetAttributes = {
					D83D26B41E0391FF00B4A533 = {
						CreatedOnToolsVersion = 8.2;
						ProvisioningStyle = Automatic;
					};
					D83D26C81E03920000B4A533 = {
						CreatedOnToolsVersion = 8.2;
						ProvisioningStyle = Automatic;
						TestTargetID = D83D26B41E0391FF00B4A533;
					};
					D83D26D31E03920000B4A533 = {
						CreatedOnToolsVersion = 8.2;
						ProvisioningStyle = Automatic;
						TestTargetID = D83D26B41E0391FF00B4A533;
					};
				};
			};
			buildConfigurationList = D83D26B01E0391FF00B4A533 /* Build configuration list for PBXProject "Tips Calculatior" */;
			compatibilityVersion = "Xcode 3.2";
			developmentRegion = English;
			hasScannedForEncodings = 0;
			knownRegions = (
				en,
				Base,
			);
			mainGroup = D83D26AC1E0391FF00B4A533;
			productRefGroup = D83D26B61E03920000B4A533 /* Products */;
			projectDirPath = "";
			projectRoot = "";
			targets = (
				D83D26B41E0391FF00B4A533 /* Tips Calculatior */,
				D83D26C81E03920000B4A533 /* Tips CalculatiorTests */,
				D83D26D31E03920000B4A533 /* Tips CalculatiorUITests */,
			);
		};
/* End PBXProject section */

/* Begin PBXResourcesBuildPhase section */
		D83D26B31E0391FF00B4A533 /* Resources */ = {
			isa = PBXResourcesBuildPhase;
			buildActionMask = 2147483647;
			files = (
				D83D26C31E03920000B4A533 /* LaunchScreen.storyboard in Resources */,
				D83D26C01E03920000B4A533 /* Assets.xcassets in Resources */,
				D83D26BE1E03920000B4A533 /* Main.storyboard in Resources */,
			);
			runOnlyForDeploymentPostprocessing = 0;
		};
		D83D26C71E03920000B4A533 /* Resources */ = {
			isa = PBXResourcesBuildPhase;
			buildActionMask = 2147483647;
			files = (
			);
			runOnlyForDeploymentPostprocessing = 0;
		};
		D83D26D21E03920000B4A533 /* Resources */ = {
			isa = PBXResourcesBuildPhase;
			buildActionMask = 2147483647;
			files = (
			);
			runOnlyForDeploymentPostprocessing = 0;
		};
/* End PBXResourcesBuildPhase section */

/* Begin PBXSourcesBuildPhase section */
		D83D26B11E0391FF00B4A533 /* Sources */ = {
			isa = PBXSourcesBuildPhase;
			buildActionMask = 2147483647;
			files = (
				D83D26BB1E03920000B4A533 /* ViewController.swift in Sources */,
				D83D26B91E03920000B4A533 /* AppDelegate.swift in Sources */,
				D83D26E71E03A16100B4A533 /* SettingsViewController.swift in Sources */,
			);
			runOnlyForDeploymentPostprocessing = 0;
		};
		D83D26C51E03920000B4A533 /* Sources */ = {
			isa = PBXSourcesBuildPhase;
			buildActionMask = 2147483647;
			files = (
				D83D26CE1E03920000B4A533 /* Tips_CalculatiorTests.swift in Sources */,
			);
			runOnlyForDeploymentPostprocessing = 0;
		};
		D83D26D01E03920000B4A533 /* Sources */ = {
			isa = PBXSourcesBuildPhase;
			buildActionMask = 2147483647;
			files = (
				D83D26D91E03920000B4A533 /* Tips_CalculatiorUITests.swift in Sources */,
			);
			runOnlyForDeploymentPostprocessing = 0;
		};
/* End PBXSourcesBuildPhase section */

/* Begin PBXTargetDependency section */
		D83D26CB1E03920000B4A533 /* PBXTargetDependency */ = {
			isa = PBXTargetDependency;
			target = D83D26B41E0391FF00B4A533 /* Tips Calculatior */;
			targetProxy = D83D26CA1E03920000B4A533 /* PBXContainerItemProxy */;
		};
		D83D26D61E03920000B4A533 /* PBXTargetDependency */ = {
			isa = PBXTargetDependency;
			target = D83D26B41E0391FF00B4A533 /* Tips Calculatior */;
			targetProxy = D83D26D51E03920000B4A533 /* PBXContainerItemProxy */;
		};
/* End PBXTargetDependency section */

/* Begin PBXVariantGroup section */
		D83D26BC1E03920000B4A533 /* Main.storyboard */ = {
			isa = PBXVariantGroup;
			children = (
				D83D26BD1E03920000B4A533 /* Base */,
			);
			name = Main.storyboard;
			sourceTree = "<group>";
		};
		D83D26C11E03920000B4A533 /* LaunchScreen.storyboard */ = {
			isa = PBXVariantGroup;
			children = (
				D83D26C21E03920000B4A533 /* Base */,
			);
			name = LaunchScreen.storyboard;
			sourceTree = "<group>";
		};
/* End PBXVariantGroup section */

/* Begin XCBuildConfiguration section */
		D83D26DB1E03920000B4A533 /* Debug */ = {
			isa = XCBuildConfiguration;
			buildSettings = {
				ALWAYS_SEARCH_USER_PATHS = NO;
				CLANG_ANALYZER_NONNULL = YES;
				CLANG_CXX_LANGUAGE_STANDARD = "gnu++0x";
				CLANG_CXX_LIBRARY = "libc++";
				CLANG_ENABLE_MODULES = YES;
				CLANG_ENABLE_OBJC_ARC = YES;
				CLANG_WARN_BOOL_CONVERSION = YES;
				CLANG_WARN_CONSTANT_CONVERSION = YES;
				CLANG_WARN_DIRECT_OBJC_ISA_USAGE = YES_ERROR;
				CLANG_WARN_DOCUMENTATION_COMMENTS = YES;
				CLANG_WARN_EMPTY_BODY = YES;
				CLANG_WARN_ENUM_CONVERSION = YES;
				CLANG_WARN_INFINITE_RECURSION = YES;
				CLANG_WARN_INT_CONVERSION = YES;
				CLANG_WARN_OBJC_ROOT_CLASS = YES_ERROR;
				CLANG_WARN_SUSPICIOUS_MOVE = YES;
				CLANG_WARN_UNREACHABLE_CODE = YES;
				CLANG_WARN__DUPLICATE_METHOD_MATCH = YES;
				"CODE_SIGN_IDENTITY[sdk=iphoneos*]" = "iPhone Developer";
				COPY_PHASE_STRIP = NO;
				DEBUG_INFORMATION_FORMAT = dwarf;
				ENABLE_STRICT_OBJC_MSGSEND = YES;
				ENABLE_TESTABILITY = YES;
				GCC_C_LANGUAGE_STANDARD = gnu99;
				GCC_DYNAMIC_NO_PIC = NO;
				GCC_NO_COMMON_BLOCKS = YES;
				GCC_OPTIMIZATION_LEVEL = 0;
				GCC_PREPROCESSOR_DEFINITIONS = (
					"DEBUG=1",
					"$(inherited)",
				);
				GCC_WARN_64_TO_32_BIT_CONVERSION = YES;
				GCC_WARN_ABOUT_RETURN_TYPE = YES_ERROR;
				GCC_WARN_UNDECLARED_SELECTOR = YES;
				GCC_WARN_UNINITIALIZED_AUTOS = YES_AGGRESSIVE;
				GCC_WARN_UNUSED_FUNCTION = YES;
				GCC_WARN_UNUSED_VARIABLE = YES;
				IPHONEOS_DEPLOYMENT_TARGET = 10.2;
				MTL_ENABLE_DEBUG_INFO = YES;
				ONLY_ACTIVE_ARCH = YES;
				SDKROOT = iphoneos;
				SWIFT_ACTIVE_COMPILATION_CONDITIONS = DEBUG;
				SWIFT_OPTIMIZATION_LEVEL = "-Onone";
			};
			name = Debug;
		};
		D83D26DC1E03920000B4A533 /* Release */ = {
			isa = XCBuildConfiguration;
			buildSettings = {
				ALWAYS_SEARCH_USER_PATHS = NO;
				CLANG_ANALYZER_NONNULL = YES;
				CLANG_CXX_LANGUAGE_STANDARD = "gnu++0x";
				CLANG_CXX_LIBRARY = "libc++";
				CLANG_ENABLE_MODULES = YES;
				CLANG_ENABLE_OBJC_ARC = YES;
				CLANG_WARN_BOOL_CONVERSION = YES;
				CLANG_WARN_CONSTANT_CONVERSION = YES;
				CLANG_WARN_DIRECT_OBJC_ISA_USAGE = YES_ERROR;
				CLANG_WARN_DOCUMENTATION_COMMENTS = YES;
				CLANG_WARN_EMPTY_BODY = YES;
				CLANG_WARN_ENUM_CONVERSION = YES;
				CLANG_WARN_INFINITE_RECURSION = YES;
				CLANG_WARN_INT_CONVERSION = YES;
				CLANG_WARN_OBJC_ROOT_CLASS = YES_ERROR;
				CLANG_WARN_SUSPICIOUS_MOVE = YES;
				CLANG_WARN_UNREACHABLE_CODE = YES;
				CLANG_WARN__DUPLICATE_METHOD_MATCH = YES;
				"CODE_SIGN_IDENTITY[sdk=iphoneos*]" = "iPhone Developer";
				COPY_PHASE_STRIP = NO;
				DEBUG_INFORMATION_FORMAT = "dwarf-with-dsym";
				ENABLE_NS_ASSERTIONS = NO;
				ENABLE_STRICT_OBJC_MSGSEND = YES;
				GCC_C_LANGUAGE_STANDARD = gnu99;
				GCC_NO_COMMON_BLOCKS = YES;
				GCC_WARN_64_TO_32_BIT_CONVERSION = YES;
				GCC_WARN_ABOUT_RETURN_TYPE = YES_ERROR;
				GCC_WARN_UNDECLARED_SELECTOR = YES;
				GCC_WARN_UNINITIALIZED_AUTOS = YES_AGGRESSIVE;
				GCC_WARN_UNUSED_FUNCTION = YES;
				GCC_WARN_UNUSED_VARIABLE = YES;
				IPHONEOS_DEPLOYMENT_TARGET = 10.2;
				MTL_ENABLE_DEBUG_INFO = NO;
				SDKROOT = iphoneos;
				SWIFT_OPTIMIZATION_LEVEL = "-Owholemodule";
				VALIDATE_PRODUCT = YES;
			};
			name = Release;
		};
		D83D26DE1E03920000B4A533 /* Debug */ = {
			isa = XCBuildConfiguration;
			buildSettings = {
				ASSETCATALOG_COMPILER_APPICON_NAME = AppIcon;
				INFOPLIST_FILE = "Tips Calculatior/Info.plist";
				LD_RUNPATH_SEARCH_PATHS = "$(inherited) @executable_path/Frameworks";
				PRODUCT_BUNDLE_IDENTIFIER = "ucsd-cse.Tips-Calculatior";
				PRODUCT_NAME = "$(TARGET_NAME)";
				SWIFT_VERSION = 3.0;
			};
			name = Debug;
		};
		D83D26DF1E03920000B4A533 /* Release */ = {
			isa = XCBuildConfiguration;
			buildSettings = {
				ASSETCATALOG_COMPILER_APPICON_NAME = AppIcon;
				INFOPLIST_FILE = "Tips Calculatior/Info.plist";
				LD_RUNPATH_SEARCH_PATHS = "$(inherited) @executable_path/Frameworks";
				PRODUCT_BUNDLE_IDENTIFIER = "ucsd-cse.Tips-Calculatior";
				PRODUCT_NAME = "$(TARGET_NAME)";
				SWIFT_VERSION = 3.0;
			};
			name = Release;
		};
		D83D26E11E03920000B4A533 /* Debug */ = {
			isa = XCBuildConfiguration;
			buildSettings = {
				ALWAYS_EMBED_SWIFT_STANDARD_LIBRARIES = YES;
				BUNDLE_LOADER = "$(TEST_HOST)";
				INFOPLIST_FILE = "Tips CalculatiorTests/Info.plist";
				LD_RUNPATH_SEARCH_PATHS = "$(inherited) @executable_path/Frameworks @loader_path/Frameworks";
				PRODUCT_BUNDLE_IDENTIFIER = "ucsd-cse.Tips-CalculatiorTests";
				PRODUCT_NAME = "$(TARGET_NAME)";
				SWIFT_VERSION = 3.0;
				TEST_HOST = "$(BUILT_PRODUCTS_DIR)/Tips Calculatior.app/Tips Calculatior";
			};
			name = Debug;
		};
		D83D26E21E03920000B4A533 /* Release */ = {
			isa = XCBuildConfiguration;
			buildSettings = {
				ALWAYS_EMBED_SWIFT_STANDARD_LIBRARIES = YES;
				BUNDLE_LOADER = "$(TEST_HOST)";
				INFOPLIST_FILE = "Tips CalculatiorTests/Info.plist";
				LD_RUNPATH_SEARCH_PATHS = "$(inherited) @executable_path/Frameworks @loader_path/Frameworks";
				PRODUCT_BUNDLE_IDENTIFIER = "ucsd-cse.Tips-CalculatiorTests";
				PRODUCT_NAME = "$(TARGET_NAME)";
				SWIFT_VERSION = 3.0;
				TEST_HOST = "$(BUILT_PRODUCTS_DIR)/Tips Calculatior.app/Tips Calculatior";
			};
			name = Release;
		};
		D83D26E41E03920000B4A533 /* Debug */ = {
			isa = XCBuildConfiguration;
			buildSettings = {
				ALWAYS_EMBED_SWIFT_STANDARD_LIBRARIES = YES;
				INFOPLIST_FILE = "Tips CalculatiorUITests/Info.plist";
				LD_RUNPATH_SEARCH_PATHS = "$(inherited) @executable_path/Frameworks @loader_path/Frameworks";
				PRODUCT_BUNDLE_IDENTIFIER = "ucsd-cse.Tips-CalculatiorUITests";
				PRODUCT_NAME = "$(TARGET_NAME)";
				SWIFT_VERSION = 3.0;
				TEST_TARGET_NAME = "Tips Calculatior";
			};
			name = Debug;
		};
		D83D26E51E03920000B4A533 /* Release */ = {
			isa = XCBuildConfiguration;
			buildSettings = {
				ALWAYS_EMBED_SWIFT_STANDARD_LIBRARIES = YES;
				INFOPLIST_FILE = "Tips CalculatiorUITests/Info.plist";
				LD_RUNPATH_SEARCH_PATHS = "$(inherited) @executable_path/Frameworks @loader_path/Frameworks";
				PRODUCT_BUNDLE_IDENTIFIER = "ucsd-cse.Tips-CalculatiorUITests";
				PRODUCT_NAME = "$(TARGET_NAME)";
				SWIFT_VERSION = 3.0;
				TEST_TARGET_NAME = "Tips Calculatior";
			};
			name = Release;
		};
/* End XCBuildConfiguration section */

/* Begin XCConfigurationList section */
		D83D26B01E0391FF00B4A533 /* Build configuration list for PBXProject "Tips Calculatior" */ = {
			isa = XCConfigurationList;
			buildConfigurations = (
				D83D26DB1E03920000B4A533 /* Debug */,
				D83D26DC1E03920000B4A533 /* Release */,
			);
			defaultConfigurationIsVisible = 0;
			defaultConfigurationName = Release;
		};
		D83D26DD1E03920000B4A533 /* Build configuration list for PBXNativeTarget "Tips Calculatior" */ = {
			isa = XCConfigurationList;
			buildConfigurations = (
				D83D26DE1E03920000B4A533 /* Debug */,
				D83D26DF1E03920000B4A533 /* Release */,
			);
			defaultConfigurationIsVisible = 0;
		};
		D83D26E01E03920000B4A533 /* Build configuration list for PBXNativeTarget "Tips CalculatiorTests" */ = {
			isa = XCConfigurationList;
			buildConfigurations = (
				D83D26E11E03920000B4A533 /* Debug */,
				D83D26E21E03920000B4A533 /* Release */,
			);
			defaultConfigurationIsVisible = 0;
		};
		D83D26E31E03920000B4A533 /* Build configuration list for PBXNativeTarget "Tips CalculatiorUITests" */ = {
			isa = XCConfigurationList;
			buildConfigurations = (
				D83D26E41E03920000B4A533 /* Debug */,
				D83D26E51E03920000B4A533 /* Release */,
			);
			defaultConfigurationIsVisible = 0;
		};
/* End XCConfigurationList section */
	};
	rootObject = D83D26AD1E0391FF00B4A533 /* Project object */;
}
